
Microsoft Visual Studio Solution File, Format Version 12.00
# Visual Studio 14
VisualStudioVersion = 14.0.25420.1
MinimumVisualStudioVersion = 10.0.40219.1
Project("{FAE04EC0-301F-11D3-BF4B-00C04F79EFBC}") = "SignalRConsoleTest", "SignalRConsoleTest\SignalRConsoleTest.csproj", "{A639E32E-DFD7-4287-997B-EEB02707782A}"
EndProject
Project("{FAE04EC0-301F-11D3-BF4B-00C04F79EFBC}") = "SignalRWebTest", "SignalRWebTest\SignalRWebTest.csproj", "{44B8B194-A492-4A2C-BC90-93592040ABBD}"
EndProject
Global
	GlobalSection(SolutionConfigurationPlatforms) = preSolution
		Debug|Any CPU = Debug|Any CPU
		Release|Any CPU = Release|Any CPU
	EndGlobalSection
	GlobalSection(ProjectConfigurationPlatforms) = postSolution
		{A639E32E-DFD7-4287-997B-EEB02707782A}.Debug|Any CPU.ActiveCfg = Debug|Any CPU
		{A639E32E-DFD7-4287-997B-EEB02707782A}.Debug|Any CPU.Build.0 = Debug|Any CPU
		{A639E32E-DFD7-4287-997B-EEB02707782A}.Release|Any CPU.ActiveCfg = Release|Any CPU
		{A639E32E-DFD7-4287-997B-EEB02707782A}.Release|Any CPU.Build.0 = Release|Any CPU
		{44B8B194-A492-4A2C-BC90-93592040ABBD}.Debug|Any CPU.ActiveCfg = Debug|Any CPU
		{44B8B194-A492-4A2C-BC90-93592040ABBD}.Debug|Any CPU.Build.0 = Debug|Any CPU
		{44B8B194-A492-4A2C-BC90-93592040ABBD}.Release|Any CPU.ActiveCfg = Release|Any CPU
		{44B8B194-A492-4A2C-BC90-93592040ABBD}.Release|Any CPU.Build.0 = Release|Any CPU
	EndGlobalSection
	GlobalSection(SolutionProperties) = preSolution
		HideSolutionNode = FALSE
	EndGlobalSection
EndGlobal
